{
    "_readme": [
        "This file locks the dependencies of your project to a known state",
        "Read more about it at https://getcomposer.org/doc/01-basic-usage.md#installing-dependencies",
        "This file is @generated automatically"
    ],
    "content-hash": "7703b37811265c931ce01297ff47b0c9",
    "packages": [
        {
            "name": "monolog/monolog",
            "version": "1.17.1",
            "source": {
                "type": "git",
                "url": "https://github.com/Seldaek/monolog.git",
                "reference": "0524c87587ab85bc4c2d6f5b41253ccb930a5422"
            },
            "dist": {
                "type": "zip",
                "url": "https://api.github.com/repos/Seldaek/monolog/zipball/0524c87587ab85bc4c2d6f5b41253ccb930a5422",
                "reference": "0524c87587ab85bc4c2d6f5b41253ccb930a5422",
                "shasum": ""
            },
            "require": {
                "php": ">=5.3.0",
                "psr/log": "~1.0"
            },
            "provide": {
                "psr/log-implementation": "1.0.0"
            },
            "require-dev": {
                "aws/aws-sdk-php": "^2.4.9",
                "doctrine/couchdb": "~1.0@dev",
                "graylog2/gelf-php": "~1.0",
                "php-console/php-console": "^3.1.3",
                "phpunit/phpunit": "~4.5",
                "phpunit/phpunit-mock-objects": "2.3.0",
                "raven/raven": "~0.11",
                "ruflin/elastica": ">=0.90 <3.0",
                "swiftmailer/swiftmailer": "~5.3",
                "videlalvaro/php-amqplib": "~2.4"
            },
            "suggest": {
                "aws/aws-sdk-php": "Allow sending log messages to AWS services like DynamoDB",
                "doctrine/couchdb": "Allow sending log messages to a CouchDB server",
                "ext-amqp": "Allow sending log messages to an AMQP server (1.0+ required)",
                "ext-mongo": "Allow sending log messages to a MongoDB server",
                "graylog2/gelf-php": "Allow sending log messages to a GrayLog2 server",
                "php-console/php-console": "Allow sending log messages to Google Chrome",
                "raven/raven": "Allow sending log messages to a Sentry server",
                "rollbar/rollbar": "Allow sending log messages to Rollbar",
                "ruflin/elastica": "Allow sending log messages to an Elastic Search server",
                "videlalvaro/php-amqplib": "Allow sending log messages to an AMQP server using php-amqplib"
            },
            "type": "library",
            "extra": {
                "branch-alias": {
                    "dev-master": "1.16.x-dev"
                }
            },
            "autoload": {
                "psr-4": {
                    "Monolog\\": "src/Monolog"
                }
            },
            "notification-url": "https://packagist.org/downloads/",
            "license": [
                "MIT"
            ],
            "authors": [
                {
                    "name": "Jordi Boggiano",
                    "email": "j.boggiano@seld.be",
                    "homepage": "http://seld.be"
                }
            ],
            "description": "Sends your logs to files, sockets, inboxes, databases and various web services",
            "homepage": "http://github.com/Seldaek/monolog",
            "keywords": [
                "log",
                "logging",
                "psr-3"
            ],
            "support": {
                "issues": "https://github.com/Seldaek/monolog/issues",
                "source": "https://github.com/Seldaek/monolog/tree/1.17.1"
            },
            "time": "2015-08-31T09:17:37+00:00"
        },
        {
            "name": "paragonie/random_compat",
            "version": "v2.0.21",
            "source": {
                "type": "git",
                "url": "https://github.com/paragonie/random_compat.git",
                "reference": "96c132c7f2f7bc3230723b66e89f8f150b29d5ae"
            },
            "dist": {
                "type": "zip",
                "url": "https://api.github.com/repos/paragonie/random_compat/zipball/96c132c7f2f7bc3230723b66e89f8f150b29d5ae",
                "reference": "96c132c7f2f7bc3230723b66e89f8f150b29d5ae",
                "shasum": ""
            },
            "require": {
                "php": ">=5.2.0"
            },
            "require-dev": {
                "phpunit/phpunit": "*"
            },
            "suggest": {
                "ext-libsodium": "Provides a modern crypto API that can be used to generate random bytes."
            },
            "type": "library",
            "autoload": {
                "files": [
                    "lib/random.php"
                ]
            },
            "notification-url": "https://packagist.org/downloads/",
            "license": [
                "MIT"
            ],
            "authors": [
                {
                    "name": "Paragon Initiative Enterprises",
                    "email": "security@paragonie.com",
                    "homepage": "https://paragonie.com"
                }
            ],
            "description": "PHP 5.x polyfill for random_bytes() and random_int() from PHP 7",
            "keywords": [
                "csprng",
                "polyfill",
                "pseudorandom",
                "random"
            ],
            "support": {
                "email": "info@paragonie.com",
                "issues": "https://github.com/paragonie/random_compat/issues",
                "source": "https://github.com/paragonie/random_compat"
            },
            "time": "2022-02-16T17:07:03+00:00"
        },
        {
            "name": "pimple/pimple",
            "version": "v3.2.3",
            "source": {
                "type": "git",
                "url": "https://github.com/silexphp/Pimple.git",
                "reference": "9e403941ef9d65d20cba7d54e29fe906db42cf32"
            },
            "dist": {
                "type": "zip",
                "url": "https://api.github.com/repos/silexphp/Pimple/zipball/9e403941ef9d65d20cba7d54e29fe906db42cf32",
                "reference": "9e403941ef9d65d20cba7d54e29fe906db42cf32",
                "shasum": ""
            },
            "require": {
                "php": ">=5.3.0",
                "psr/container": "^1.0"
            },
            "require-dev": {
                "symfony/phpunit-bridge": "^3.2"
            },
            "type": "library",
            "extra": {
                "branch-alias": {
                    "dev-master": "3.2.x-dev"
                }
            },
            "autoload": {
                "psr-0": {
                    "Pimple": "src/"
                }
            },
            "notification-url": "https://packagist.org/downloads/",
            "license": [
                "MIT"
            ],
            "authors": [
                {
                    "name": "Fabien Potencier",
                    "email": "fabien@symfony.com"
                }
            ],
            "description": "Pimple, a simple Dependency Injection Container",
            "homepage": "http://pimple.sensiolabs.org",
            "keywords": [
                "container",
                "dependency injection"
            ],
            "support": {
                "issues": "https://github.com/silexphp/Pimple/issues",
                "source": "https://github.com/silexphp/Pimple/tree/master"
            },
            "time": "2018-01-21T07:42:36+00:00"
        },
        {
            "name": "psr/container",
            "version": "1.0.0",
            "source": {
                "type": "git",
                "url": "https://github.com/php-fig/container.git",
                "reference": "b7ce3b176482dbbc1245ebf52b181af44c2cf55f"
            },
            "dist": {
                "type": "zip",
                "url": "https://api.github.com/repos/php-fig/container/zipball/b7ce3b176482dbbc1245ebf52b181af44c2cf55f",
                "reference": "b7ce3b176482dbbc1245ebf52b181af44c2cf55f",
                "shasum": ""
            },
            "require": {
                "php": ">=5.3.0"
            },
            "type": "library",
            "extra": {
                "branch-alias": {
                    "dev-master": "1.0.x-dev"
                }
            },
            "autoload": {
                "psr-4": {
                    "Psr\\Container\\": "src/"
                }
            },
            "notification-url": "https://packagist.org/downloads/",
            "license": [
                "MIT"
            ],
            "authors": [
                {
                    "name": "PHP-FIG",
                    "homepage": "http://www.php-fig.org/"
                }
            ],
            "description": "Common Container Interface (PHP FIG PSR-11)",
            "homepage": "https://github.com/php-fig/container",
            "keywords": [
                "PSR-11",
                "container",
                "container-interface",
                "container-interop",
                "psr"
            ],
            "support": {
                "issues": "https://github.com/php-fig/container/issues",
                "source": "https://github.com/php-fig/container/tree/master"
            },
            "time": "2017-02-14T16:28:37+00:00"
        },
        {
            "name": "psr/log",
            "version": "1.0.0",
            "source": {
                "type": "git",
                "url": "https://github.com/php-fig/log.git",
                "reference": "fe0936ee26643249e916849d48e3a51d5f5e278b"
            },
            "dist": {
                "type": "zip",
                "url": "https://api.github.com/repos/php-fig/log/zipball/fe0936ee26643249e916849d48e3a51d5f5e278b",
                "reference": "fe0936ee26643249e916849d48e3a51d5f5e278b",
                "shasum": ""
            },
            "type": "library",
            "autoload": {
                "psr-0": {
                    "Psr\\Log\\": ""
                }
            },
            "notification-url": "https://packagist.org/downloads/",
            "license": [
                "MIT"
            ],
            "authors": [
                {
                    "name": "PHP-FIG",
                    "homepage": "http://www.php-fig.org/"
                }
            ],
            "description": "Common interface for logging libraries",
            "keywords": [
                "log",
                "psr",
                "psr-3"
            ],
            "support": {
                "issues": "https://github.com/php-fig/log/issues",
                "source": "https://github.com/php-fig/log/tree/1.0.0"
            },
            "time": "2012-12-21T11:40:51+00:00"
        },
        {
            "name": "silex/silex",
            "version": "v2.0.4",
            "source": {
                "type": "git",
                "url": "https://github.com/silexphp/Silex.git",
                "reference": "49ca08d853731d1635374e5019c8696cfd53c161"
            },
            "dist": {
                "type": "zip",
                "url": "https://api.github.com/repos/silexphp/Silex/zipball/49ca08d853731d1635374e5019c8696cfd53c161",
                "reference": "49ca08d853731d1635374e5019c8696cfd53c161",
                "shasum": ""
            },
            "require": {
                "php": ">=5.5.9",
                "pimple/pimple": "~3.0",
                "symfony/event-dispatcher": "~2.8|^3.0",
                "symfony/http-foundation": "~2.8|^3.0",
                "symfony/http-kernel": "~2.8|^3.0",
                "symfony/routing": "~2.8|^3.0"
            },
            "replace": {
                "silex/api": "self.version",
                "silex/providers": "self.version"
            },
            "require-dev": {
                "doctrine/dbal": "~2.2",
                "monolog/monolog": "^1.4.1",
                "swiftmailer/swiftmailer": "~5",
                "symfony/asset": "~2.8|^3.0",
                "symfony/browser-kit": "~2.8|^3.0",
                "symfony/config": "~2.8|^3.0",
                "symfony/css-selector": "~2.8|^3.0",
                "symfony/debug": "~2.8|^3.0",
                "symfony/doctrine-bridge": "~2.8|^3.0",
                "symfony/dom-crawler": "~2.8|^3.0",
                "symfony/expression-language": "~2.8|^3.0",
                "symfony/finder": "~2.8|^3.0",
                "symfony/form": "~2.8|^3.0",
                "symfony/intl": "~2.8|^3.0",
                "symfony/monolog-bridge": "~2.8|^3.0",
                "symfony/options-resolver": "~2.8|^3.0",
                "symfony/phpunit-bridge": "~2.8|^3.0",
                "symfony/process": "~2.8|^3.0",
                "symfony/security": "~2.8|^3.0",
                "symfony/serializer": "~2.8|^3.0",
                "symfony/translation": "~2.8|^3.0",
                "symfony/twig-bridge": "~2.8|^3.0",
                "symfony/validator": "~2.8|^3.0",
                "symfony/var-dumper": "~2.8|^3.0",
                "twig/twig": "~1.27|~2.0"
            },
            "type": "library",
            "extra": {
                "branch-alias": {
                    "dev-master": "2.0.x-dev"
                }
            },
            "autoload": {
                "psr-4": {
                    "Silex\\": "src/Silex"
                }
            },
            "notification-url": "https://packagist.org/downloads/",
            "license": [
                "MIT"
            ],
            "authors": [
                {
                    "name": "Fabien Potencier",
                    "email": "fabien@symfony.com"
                },
                {
                    "name": "Igor Wiedler",
                    "email": "igor@wiedler.ch"
                }
            ],
            "description": "The PHP micro-framework based on the Symfony Components",
            "homepage": "http://silex.sensiolabs.org",
            "keywords": [
                "microframework"
            ],
            "support": {
                "issues": "https://github.com/silexphp/Silex/issues",
                "source": "https://github.com/silexphp/Silex/tree/master"
            },
            "abandoned": "symfony/flex",
            "time": "2016-11-06T18:09:06+00:00"
        },
        {
            "name": "symfony/debug",
            "version": "v3.4.47",
            "source": {
                "type": "git",
                "url": "https://github.com/symfony/debug.git",
                "reference": "ab42889de57fdfcfcc0759ab102e2fd4ea72dcae"
            },
            "dist": {
                "type": "zip",
                "url": "https://api.github.com/repos/symfony/debug/zipball/ab42889de57fdfcfcc0759ab102e2fd4ea72dcae",
                "reference": "ab42889de57fdfcfcc0759ab102e2fd4ea72dcae",
                "shasum": ""
            },
            "require": {
                "php": "^5.5.9|>=7.0.8",
                "psr/log": "~1.0"
            },
            "conflict": {
                "symfony/http-kernel": ">=2.3,<2.3.24|~2.4.0|>=2.5,<2.5.9|>=2.6,<2.6.2"
            },
            "require-dev": {
                "symfony/http-kernel": "~2.8|~3.0|~4.0"
            },
            "type": "library",
            "autoload": {
                "psr-4": {
                    "Symfony\\Component\\Debug\\": ""
                },
                "exclude-from-classmap": [
                    "/Tests/"
                ]
            },
            "notification-url": "https://packagist.org/downloads/",
            "license": [
                "MIT"
            ],
            "authors": [
                {
                    "name": "Fabien Potencier",
                    "email": "fabien@symfony.com"
                },
                {
                    "name": "Symfony Community",
                    "homepage": "https://symfony.com/contributors"
                }
            ],
            "description": "Symfony Debug Component",
            "homepage": "https://symfony.com",
            "support": {
                "source": "https://github.com/symfony/debug/tree/v3.4.47"
            },
            "funding": [
                {
                    "url": "https://symfony.com/sponsor",
                    "type": "custom"
                },
                {
                    "url": "https://github.com/fabpot",
                    "type": "github"
                },
                {
                    "url": "https://tidelift.com/funding/github/packagist/symfony/symfony",
                    "type": "tidelift"
                }
            ],
            "abandoned": "symfony/error-handler",
            "time": "2020-10-24T10:57:07+00:00"
        },
        {
            "name": "symfony/event-dispatcher",
            "version": "v3.4.47",
            "source": {
                "type": "git",
                "url": "https://github.com/symfony/event-dispatcher.git",
                "reference": "31fde73757b6bad247c54597beef974919ec6860"
            },
            "dist": {
                "type": "zip",
                "url": "https://api.github.com/repos/symfony/event-dispatcher/zipball/31fde73757b6bad247c54597beef974919ec6860",
                "reference": "31fde73757b6bad247c54597beef974919ec6860",
                "shasum": ""
            },
            "require": {
                "php": "^5.5.9|>=7.0.8"
            },
            "conflict": {
                "symfony/dependency-injection": "<3.3"
            },
            "require-dev": {
                "psr/log": "~1.0",
                "symfony/config": "~2.8|~3.0|~4.0",
                "symfony/debug": "~3.4|~4.4",
                "symfony/dependency-injection": "~3.3|~4.0",
                "symfony/expression-language": "~2.8|~3.0|~4.0",
                "symfony/stopwatch": "~2.8|~3.0|~4.0"
            },
            "suggest": {
                "symfony/dependency-injection": "",
                "symfony/http-kernel": ""
            },
            "type": "library",
            "autoload": {
                "psr-4": {
                    "Symfony\\Component\\EventDispatcher\\": ""
                },
                "exclude-from-classmap": [
                    "/Tests/"
                ]
            },
            "notification-url": "https://packagist.org/downloads/",
            "license": [
                "MIT"
            ],
            "authors": [
                {
                    "name": "Fabien Potencier",
                    "email": "fabien@symfony.com"
                },
                {
                    "name": "Symfony Community",
                    "homepage": "https://symfony.com/contributors"
                }
            ],
            "description": "Symfony EventDispatcher Component",
            "homepage": "https://symfony.com",
            "support": {
                "source": "https://github.com/symfony/event-dispatcher/tree/v3.4.47"
            },
            "funding": [
                {
                    "url": "https://symfony.com/sponsor",
                    "type": "custom"
                },
                {
                    "url": "https://github.com/fabpot",
                    "type": "github"
                },
                {
                    "url": "https://tidelift.com/funding/github/packagist/symfony/symfony",
                    "type": "tidelift"
                }
            ],
            "time": "2020-10-24T10:57:07+00:00"
        },
        {
            "name": "symfony/http-foundation",
            "version": "v3.4.47",
            "source": {
                "type": "git",
                "url": "https://github.com/symfony/http-foundation.git",
                "reference": "b9885fcce6fe494201da4f70a9309770e9d13dc8"
            },
            "dist": {
                "type": "zip",
                "url": "https://api.github.com/repos/symfony/http-foundation/zipball/b9885fcce6fe494201da4f70a9309770e9d13dc8",
                "reference": "b9885fcce6fe494201da4f70a9309770e9d13dc8",
                "shasum": ""
            },
            "require": {
                "php": "^5.5.9|>=7.0.8",
                "symfony/polyfill-mbstring": "~1.1",
                "symfony/polyfill-php70": "~1.6"
            },
            "require-dev": {
                "symfony/expression-language": "~2.8|~3.0|~4.0"
            },
            "type": "library",
            "autoload": {
                "psr-4": {
                    "Symfony\\Component\\HttpFoundation\\": ""
                },
                "exclude-from-classmap": [
                    "/Tests/"
                ]
            },
            "notification-url": "https://packagist.org/downloads/",
            "license": [
                "MIT"
            ],
            "authors": [
                {
                    "name": "Fabien Potencier",
                    "email": "fabien@symfony.com"
                },
                {
                    "name": "Symfony Community",
                    "homepage": "https://symfony.com/contributors"
                }
            ],
            "description": "Symfony HttpFoundation Component",
            "homepage": "https://symfony.com",
            "support": {
                "source": "https://github.com/symfony/http-foundation/tree/v3.4.47"
            },
            "funding": [
                {
                    "url": "https://symfony.com/sponsor",
                    "type": "custom"
                },
                {
                    "url": "https://github.com/fabpot",
                    "type": "github"
                },
                {
                    "url": "https://tidelift.com/funding/github/packagist/symfony/symfony",
                    "type": "tidelift"
                }
            ],
            "time": "2020-10-24T10:57:07+00:00"
        },
        {
            "name": "symfony/http-kernel",
            "version": "v3.4.49",
            "source": {
                "type": "git",
                "url": "https://github.com/symfony/http-kernel.git",
                "reference": "5aa72405f5bd5583c36ed6e756acb17d3f98ac40"
            },
            "dist": {
                "type": "zip",
                "url": "https://api.github.com/repos/symfony/http-kernel/zipball/5aa72405f5bd5583c36ed6e756acb17d3f98ac40",
                "reference": "5aa72405f5bd5583c36ed6e756acb17d3f98ac40",
                "shasum": ""
            },
            "require": {
                "php": "^5.5.9|>=7.0.8",
                "psr/log": "~1.0",
                "symfony/debug": "^3.3.3|~4.0",
                "symfony/event-dispatcher": "~2.8|~3.0|~4.0",
                "symfony/http-foundation": "~3.4.12|~4.0.12|^4.1.1",
                "symfony/polyfill-ctype": "~1.8",
                "symfony/polyfill-php56": "~1.8"
            },
            "conflict": {
                "symfony/config": "<2.8",
                "symfony/dependency-injection": "<3.4.10|<4.0.10,>=4",
                "symfony/var-dumper": "<3.3",
                "twig/twig": "<1.34|<2.4,>=2"
            },
            "provide": {
                "psr/log-implementation": "1.0"
            },
            "require-dev": {
                "psr/cache": "~1.0",
                "symfony/browser-kit": "~2.8|~3.0|~4.0",
                "symfony/class-loader": "~2.8|~3.0",
                "symfony/config": "~2.8|~3.0|~4.0",
                "symfony/console": "~2.8|~3.0|~4.0",
                "symfony/css-selector": "~2.8|~3.0|~4.0",
                "symfony/dependency-injection": "^3.4.10|^4.0.10",
                "symfony/dom-crawler": "~2.8|~3.0|~4.0",
                "symfony/expression-language": "~2.8|~3.0|~4.0",
                "symfony/finder": "~2.8|~3.0|~4.0",
                "symfony/process": "~2.8|~3.0|~4.0",
                "symfony/routing": "~3.4|~4.0",
                "symfony/stopwatch": "~2.8|~3.0|~4.0",
                "symfony/templating": "~2.8|~3.0|~4.0",
                "symfony/translation": "~2.8|~3.0|~4.0",
                "symfony/var-dumper": "~3.3|~4.0"
            },
            "suggest": {
                "symfony/browser-kit": "",
                "symfony/config": "",
                "symfony/console": "",
                "symfony/dependency-injection": "",
                "symfony/finder": "",
                "symfony/var-dumper": ""
            },
            "type": "library",
            "autoload": {
                "psr-4": {
                    "Symfony\\Component\\HttpKernel\\": ""
                },
                "exclude-from-classmap": [
                    "/Tests/"
                ]
            },
            "notification-url": "https://packagist.org/downloads/",
            "license": [
                "MIT"
            ],
            "authors": [
                {
                    "name": "Fabien Potencier",
                    "email": "fabien@symfony.com"
                },
                {
                    "name": "Symfony Community",
                    "homepage": "https://symfony.com/contributors"
                }
            ],
            "description": "Symfony HttpKernel Component",
            "homepage": "https://symfony.com",
            "support": {
                "source": "https://github.com/symfony/http-kernel/tree/v3.4.49"
            },
            "funding": [
                {
                    "url": "https://symfony.com/sponsor",
                    "type": "custom"
                },
                {
                    "url": "https://github.com/fabpot",
                    "type": "github"
                },
                {
                    "url": "https://tidelift.com/funding/github/packagist/symfony/symfony",
                    "type": "tidelift"
                }
            ],
            "time": "2021-05-19T12:06:59+00:00"
        },
        {
            "name": "symfony/polyfill-ctype",
            "version": "v1.19.0",
            "source": {
                "type": "git",
                "url": "https://github.com/symfony/polyfill-ctype.git",
                "reference": "aed596913b70fae57be53d86faa2e9ef85a2297b"
            },
            "dist": {
                "type": "zip",
                "url": "https://api.github.com/repos/symfony/polyfill-ctype/zipball/aed596913b70fae57be53d86faa2e9ef85a2297b",
                "reference": "aed596913b70fae57be53d86faa2e9ef85a2297b",
                "shasum": ""
            },
            "require": {
                "php": ">=5.3.3"
            },
            "suggest": {
                "ext-ctype": "For best performance"
            },
            "type": "library",
            "extra": {
                "branch-alias": {
                    "dev-main": "1.19-dev"
                },
                "thanks": {
                    "name": "symfony/polyfill",
                    "url": "https://github.com/symfony/polyfill"
                }
            },
            "autoload": {
                "files": [
                    "bootstrap.php"
                ],
                "psr-4": {
                    "Symfony\\Polyfill\\Ctype\\": ""
                }
            },
            "notification-url": "https://packagist.org/downloads/",
            "license": [
                "MIT"
            ],
            "authors": [
                {
                    "name": "Gert de Pagter",
                    "email": "BackEndTea@gmail.com"
                },
                {
                    "name": "Symfony Community",
                    "homepage": "https://symfony.com/contributors"
                }
            ],
            "description": "Symfony polyfill for ctype functions",
            "homepage": "https://symfony.com",
            "keywords": [
                "compatibility",
                "ctype",
                "polyfill",
                "portable"
            ],
            "support": {
                "source": "https://github.com/symfony/polyfill-ctype/tree/v1.19.0"
            },
            "funding": [
                {
                    "url": "https://symfony.com/sponsor",
                    "type": "custom"
                },
                {
                    "url": "https://github.com/fabpot",
                    "type": "github"
                },
                {
                    "url": "https://tidelift.com/funding/github/packagist/symfony/symfony",
                    "type": "tidelift"
                }
            ],
            "time": "2020-10-23T09:01:57+00:00"
        },
        {
            "name": "symfony/polyfill-mbstring",
            "version": "v1.19.0",
            "source": {
                "type": "git",
                "url": "https://github.com/symfony/polyfill-mbstring.git",
                "reference": "b5f7b932ee6fa802fc792eabd77c4c88084517ce"
            },
            "dist": {
                "type": "zip",
                "url": "https://api.github.com/repos/symfony/polyfill-mbstring/zipball/b5f7b932ee6fa802fc792eabd77c4c88084517ce",
                "reference": "b5f7b932ee6fa802fc792eabd77c4c88084517ce",
                "shasum": ""
            },
            "require": {
                "php": ">=5.3.3"
            },
            "suggest": {
                "ext-mbstring": "For best performance"
            },
            "type": "library",
            "extra": {
                "branch-alias": {
                    "dev-main": "1.19-dev"
                },
                "thanks": {
                    "name": "symfony/polyfill",
                    "url": "https://github.com/symfony/polyfill"
                }
            },
            "autoload": {
                "files": [
                    "bootstrap.php"
                ],
                "psr-4": {
                    "Symfony\\Polyfill\\Mbstring\\": ""
                }
            },
            "notification-url": "https://packagist.org/downloads/",
            "license": [
                "MIT"
            ],
            "authors": [
                {
                    "name": "Nicolas Grekas",
                    "email": "p@tchwork.com"
                },
                {
                    "name": "Symfony Community",
                    "homepage": "https://symfony.com/contributors"
                }
            ],
            "description": "Symfony polyfill for the Mbstring extension",
            "homepage": "https://symfony.com",
            "keywords": [
                "compatibility",
                "mbstring",
                "polyfill",
                "portable",
                "shim"
            ],
            "support": {
                "source": "https://github.com/symfony/polyfill-mbstring/tree/v1.19.0"
            },
            "funding": [
                {
                    "url": "https://symfony.com/sponsor",
                    "type": "custom"
                },
                {
                    "url": "https://github.com/fabpot",
                    "type": "github"
                },
                {
                    "url": "https://tidelift.com/funding/github/packagist/symfony/symfony",
                    "type": "tidelift"
                }
            ],
            "time": "2020-10-23T09:01:57+00:00"
        },
        {
            "name": "symfony/polyfill-php56",
            "version": "v1.19.0",
            "source": {
                "type": "git",
                "url": "https://github.com/symfony/polyfill-php56.git",
                "reference": "ea19621731cbd973a6702cfedef3419768bf3372"
            },
            "dist": {
                "type": "zip",
                "url": "https://api.github.com/repos/symfony/polyfill-php56/zipball/ea19621731cbd973a6702cfedef3419768bf3372",
                "reference": "ea19621731cbd973a6702cfedef3419768bf3372",
                "shasum": ""
            },
            "require": {
                "php": ">=5.3.3",
                "symfony/polyfill-util": "~1.0"
            },
            "type": "library",
            "extra": {
                "branch-alias": {
                    "dev-main": "1.19-dev"
                },
                "thanks": {
                    "name": "symfony/polyfill",
                    "url": "https://github.com/symfony/polyfill"
                }
            },
            "autoload": {
                "files": [
                    "bootstrap.php"
                ],
                "psr-4": {
                    "Symfony\\Polyfill\\Php56\\": ""
                }
            },
            "notification-url": "https://packagist.org/downloads/",
            "license": [
                "MIT"
            ],
            "authors": [
                {
                    "name": "Nicolas Grekas",
                    "email": "p@tchwork.com"
                },
                {
                    "name": "Symfony Community",
                    "homepage": "https://symfony.com/contributors"
                }
            ],
            "description": "Symfony polyfill backporting some PHP 5.6+ features to lower PHP versions",
            "homepage": "https://symfony.com",
            "keywords": [
                "compatibility",
                "polyfill",
                "portable",
                "shim"
            ],
            "support": {
                "source": "https://github.com/symfony/polyfill-php56/tree/v1.19.0"
            },
            "funding": [
                {
                    "url": "https://symfony.com/sponsor",
                    "type": "custom"
                },
                {
                    "url": "https://github.com/fabpot",
                    "type": "github"
                },
                {
                    "url": "https://tidelift.com/funding/github/packagist/symfony/symfony",
                    "type": "tidelift"
                }
            ],
            "time": "2020-10-23T09:01:57+00:00"
        },
        {
            "name": "symfony/polyfill-php70",
            "version": "v1.19.0",
            "source": {
                "type": "git",
                "url": "https://github.com/symfony/polyfill-php70.git",
                "reference": "3fe414077251a81a1b15b1c709faf5c2fbae3d4e"
            },
            "dist": {
                "type": "zip",
                "url": "https://api.github.com/repos/symfony/polyfill-php70/zipball/3fe414077251a81a1b15b1c709faf5c2fbae3d4e",
                "reference": "3fe414077251a81a1b15b1c709faf5c2fbae3d4e",
                "shasum": ""
            },
            "require": {
                "paragonie/random_compat": "~1.0|~2.0|~9.99",
                "php": ">=5.3.3"
            },
            "type": "library",
            "extra": {
                "branch-alias": {
                    "dev-main": "1.19-dev"
                },
                "thanks": {
                    "name": "symfony/polyfill",
                    "url": "https://github.com/symfony/polyfill"
                }
            },
            "autoload": {
                "files": [
                    "bootstrap.php"
                ],
                "psr-4": {
                    "Symfony\\Polyfill\\Php70\\": ""
                },
                "classmap": [
                    "Resources/stubs"
                ]
            },
            "notification-url": "https://packagist.org/downloads/",
            "license": [
                "MIT"
            ],
            "authors": [
                {
                    "name": "Nicolas Grekas",
                    "email": "p@tchwork.com"
                },
                {
                    "name": "Symfony Community",
                    "homepage": "https://symfony.com/contributors"
                }
            ],
            "description": "Symfony polyfill backporting some PHP 7.0+ features to lower PHP versions",
            "homepage": "https://symfony.com",
            "keywords": [
                "compatibility",
                "polyfill",
                "portable",
                "shim"
            ],
            "support": {
                "source": "https://github.com/symfony/polyfill-php70/tree/v1.19.0"
            },
            "funding": [
                {
                    "url": "https://symfony.com/sponsor",
                    "type": "custom"
                },
                {
                    "url": "https://github.com/fabpot",
                    "type": "github"
                },
                {
                    "url": "https://tidelift.com/funding/github/packagist/symfony/symfony",
                    "type": "tidelift"
                }
            ],
            "time": "2020-10-23T09:01:57+00:00"
        },
        {
            "name": "symfony/polyfill-util",
            "version": "v1.19.0",
            "source": {
                "type": "git",
                "url": "https://github.com/symfony/polyfill-util.git",
                "reference": "8df0c3e6a4b85df9a5c6f3f2f46fba5c5c47058a"
            },
            "dist": {
                "type": "zip",
                "url": "https://api.github.com/repos/symfony/polyfill-util/zipball/8df0c3e6a4b85df9a5c6f3f2f46fba5c5c47058a",
                "reference": "8df0c3e6a4b85df9a5c6f3f2f46fba5c5c47058a",
                "shasum": ""
            },
            "require": {
                "php": ">=5.3.3"
            },
            "type": "library",
            "extra": {
                "branch-alias": {
                    "dev-main": "1.19-dev"
                },
                "thanks": {
                    "name": "symfony/polyfill",
                    "url": "https://github.com/symfony/polyfill"
                }
            },
            "autoload": {
                "psr-4": {
                    "Symfony\\Polyfill\\Util\\": ""
                }
            },
            "notification-url": "https://packagist.org/downloads/",
            "license": [
                "MIT"
            ],
            "authors": [
                {
                    "name": "Nicolas Grekas",
                    "email": "p@tchwork.com"
                },
                {
                    "name": "Symfony Community",
                    "homepage": "https://symfony.com/contributors"
                }
            ],
            "description": "Symfony utilities for portability of PHP codes",
            "homepage": "https://symfony.com",
            "keywords": [
                "compat",
                "compatibility",
                "polyfill",
                "shim"
            ],
            "support": {
                "source": "https://github.com/symfony/polyfill-util/tree/v1.19.0"
            },
            "funding": [
                {
                    "url": "https://symfony.com/sponsor",
                    "type": "custom"
                },
                {
                    "url": "https://github.com/fabpot",
                    "type": "github"
                },
                {
                    "url": "https://tidelift.com/funding/github/packagist/symfony/symfony",
                    "type": "tidelift"
                }
            ],
            "time": "2020-10-21T09:57:48+00:00"
        },
        {
            "name": "symfony/routing",
            "version": "v3.4.47",
            "source": {
                "type": "git",
                "url": "https://github.com/symfony/routing.git",
                "reference": "3e522ac69cadffd8131cc2b22157fa7662331a6c"
            },
            "dist": {
                "type": "zip",
                "url": "https://api.github.com/repos/symfony/routing/zipball/3e522ac69cadffd8131cc2b22157fa7662331a6c",
                "reference": "3e522ac69cadffd8131cc2b22157fa7662331a6c",
                "shasum": ""
            },
            "require": {
                "php": "^5.5.9|>=7.0.8"
            },
            "conflict": {
                "symfony/config": "<3.3.1",
                "symfony/dependency-injection": "<3.3",
                "symfony/yaml": "<3.4"
            },
            "require-dev": {
                "doctrine/annotations": "~1.0",
                "psr/log": "~1.0",
                "symfony/config": "^3.3.1|~4.0",
                "symfony/dependency-injection": "~3.3|~4.0",
                "symfony/expression-language": "~2.8|~3.0|~4.0",
                "symfony/http-foundation": "~2.8|~3.0|~4.0",
                "symfony/yaml": "~3.4|~4.0"
            },
            "suggest": {
                "doctrine/annotations": "For using the annotation loader",
                "symfony/config": "For using the all-in-one router or any loader",
                "symfony/expression-language": "For using expression matching",
                "symfony/http-foundation": "For using a Symfony Request object",
                "symfony/yaml": "For using the YAML loader"
            },
            "type": "library",
            "autoload": {
                "psr-4": {
                    "Symfony\\Component\\Routing\\": ""
                },
                "exclude-from-classmap": [
                    "/Tests/"
                ]
            },
            "notification-url": "https://packagist.org/downloads/",
            "license": [
                "MIT"
            ],
            "authors": [
                {
                    "name": "Fabien Potencier",
                    "email": "fabien@symfony.com"
                },
                {
                    "name": "Symfony Community",
                    "homepage": "https://symfony.com/contributors"
                }
            ],
            "description": "Symfony Routing Component",
            "homepage": "https://symfony.com",
            "keywords": [
                "router",
                "routing",
                "uri",
                "url"
            ],
            "support": {
                "source": "https://github.com/symfony/routing/tree/v3.4.47"
            },
            "funding": [
                {
                    "url": "https://symfony.com/sponsor",
                    "type": "custom"
                },
                {
                    "url": "https://github.com/fabpot",
                    "type": "github"
                },
                {
                    "url": "https://tidelift.com/funding/github/packagist/symfony/symfony",
                    "type": "tidelift"
                }
            ],
            "time": "2020-10-24T10:57:07+00:00"
        }
    ],
    "packages-dev": [],
    "aliases": [],
    "minimum-stability": "stable",
    "stability-flags": [],
    "prefer-stable": false,
    "prefer-lowest": false,
    "platform": [],
    "platform-dev": [],
    "plugin-api-version": "2.2.0"
}
